
Microsoft Visual Studio Solution File, Format Version 12.00
# Visual Studio Version 17
VisualStudioVersion = 17.0.31903.59
MinimumVisualStudioVersion = 10.0.40219.1
Project("{9A19103F-16F7-4668-BE54-9A1E7A4F7556}") = "ChatGPT-Weixin.Web", "ChatGPT-Weixin.Web\ChatGPT-Weixin.Web.csproj", "{D1C61776-7777-4E5D-A066-02315A8EF800}"
EndProject
Project("{FAE04EC0-301F-11D3-BF4B-00C04F79EFBC}") = "ChatGPT-Wechat.Core", "ChatGPT-Wechat.Core\ChatGPT-Wechat.Core.csproj", "{C43961D2-A72A-468B-9565-8B45F4BFFC4A}"
EndProject
Project("{FAE04EC0-301F-11D3-BF4B-00C04F79EFBC}") = "ChatGPT-Weixin.Core", "ChatGPT-Weixin.Core\ChatGPT-Weixin.Core.csproj", "{98255105-4467-4928-ACEB-FC290AEC6231}"
EndProject
Global
	GlobalSection(SolutionConfigurationPlatforms) = preSolution
		Debug|Any CPU = Debug|Any CPU
		Release|Any CPU = Release|Any CPU
	EndGlobalSection
	GlobalSection(ProjectConfigurationPlatforms) = postSolution
		{D1C61776-7777-4E5D-A066-02315A8EF800}.Debug|Any CPU.ActiveCfg = Debug|Any CPU
		{D1C61776-7777-4E5D-A066-02315A8EF800}.Debug|Any CPU.Build.0 = Debug|Any CPU
		{D1C61776-7777-4E5D-A066-02315A8EF800}.Release|Any CPU.ActiveCfg = Release|Any CPU
		{D1C61776-7777-4E5D-A066-02315A8EF800}.Release|Any CPU.Build.0 = Release|Any CPU
		{C43961D2-A72A-468B-9565-8B45F4BFFC4A}.Debug|Any CPU.ActiveCfg = Debug|Any CPU
		{C43961D2-A72A-468B-9565-8B45F4BFFC4A}.Debug|Any CPU.Build.0 = Debug|Any CPU
		{C43961D2-A72A-468B-9565-8B45F4BFFC4A}.Release|Any CPU.ActiveCfg = Release|Any CPU
		{C43961D2-A72A-468B-9565-8B45F4BFFC4A}.Release|Any CPU.Build.0 = Release|Any CPU
		{98255105-4467-4928-ACEB-FC290AEC6231}.Debug|Any CPU.ActiveCfg = Debug|Any CPU
		{98255105-4467-4928-ACEB-FC290AEC6231}.Debug|Any CPU.Build.0 = Debug|Any CPU
		{98255105-4467-4928-ACEB-FC290AEC6231}.Release|Any CPU.ActiveCfg = Release|Any CPU
		{98255105-4467-4928-ACEB-FC290AEC6231}.Release|Any CPU.Build.0 = Release|Any CPU
	EndGlobalSection
	GlobalSection(SolutionProperties) = preSolution
		HideSolutionNode = FALSE
	EndGlobalSection
	GlobalSection(ExtensibilityGlobals) = postSolution
		SolutionGuid = {8719BDA3-D752-4C3D-BC08-DAC6A938B73C}
	EndGlobalSection
EndGlobal
